
Microsoft Visual Studio Solution File, Format Version 12.00
# Visual Studio Version 17
VisualStudioVersion = 17.2.32630.192
MinimumVisualStudioVersion = 10.0.40219.1
Project("{9A19103F-16F7-4668-BE54-9A1E7A4F7556}") = "FootballWorldCupScoreBoard", "FootballWorldCupScoreBoard.csproj", "{EA27D575-C408-447E-A248-2EA53DFF3F39}"
EndProject
Project("{FAE04EC0-301F-11D3-BF4B-00C04F79EFBC}") = "FootballWorldCupScoreBoardTest", "..\FootballWorldCupScoreBoardTest\FootballWorldCupScoreBoardTest.csproj", "{3E6747BC-B2C9-4637-AED0-7EDFA7CC5098}"
EndProject
Global
	GlobalSection(SolutionConfigurationPlatforms) = preSolution
		Debug|Any CPU = Debug|Any CPU
		Release|Any CPU = Release|Any CPU
	EndGlobalSection
	GlobalSection(ProjectConfigurationPlatforms) = postSolution
		{EA27D575-C408-447E-A248-2EA53DFF3F39}.Debug|Any CPU.ActiveCfg = Debug|Any CPU
		{EA27D575-C408-447E-A248-2EA53DFF3F39}.Debug|Any CPU.Build.0 = Debug|Any CPU
		{EA27D575-C408-447E-A248-2EA53DFF3F39}.Release|Any CPU.ActiveCfg = Release|Any CPU
		{EA27D575-C408-447E-A248-2EA53DFF3F39}.Release|Any CPU.Build.0 = Release|Any CPU
		{3E6747BC-B2C9-4637-AED0-7EDFA7CC5098}.Debug|Any CPU.ActiveCfg = Debug|Any CPU
		{3E6747BC-B2C9-4637-AED0-7EDFA7CC5098}.Debug|Any CPU.Build.0 = Debug|Any CPU
		{3E6747BC-B2C9-4637-AED0-7EDFA7CC5098}.Release|Any CPU.ActiveCfg = Release|Any CPU
		{3E6747BC-B2C9-4637-AED0-7EDFA7CC5098}.Release|Any CPU.Build.0 = Release|Any CPU
	EndGlobalSection
	GlobalSection(SolutionProperties) = preSolution
		HideSolutionNode = FALSE
	EndGlobalSection
	GlobalSection(ExtensibilityGlobals) = postSolution
		SolutionGuid = {673F10EC-E07E-41A6-8FA7-A807FC63CD56}
	EndGlobalSection
EndGlobal
